
Microsoft Visual Studio Solution File, Format Version 12.00
# Visual Studio Version 17
VisualStudioVersion = 17.11.35222.181
MinimumVisualStudioVersion = 10.0.40219.1
Project("{8BC9CEB8-8B4A-11D0-8D11-00A0C91BC942}") = "Programa Visual", "Programa Visual\Programa Visual.vcxproj", "{1E329D54-3900-4B7A-9F82-5E568CB00F25}"
EndProject
Project("{8BC9CEB8-8B4A-11D0-8D11-00A0C91BC942}") = "ClassConsultorio", "ClassConsultorio\ClassConsultorio.vcxproj", "{140E94A7-7C08-4E0D-92C5-144EA6DCB2FF}"
EndProject
Global
	GlobalSection(SolutionConfigurationPlatforms) = preSolution
		Debug|x64 = Debug|x64
		Debug|x86 = Debug|x86
		Release|x64 = Release|x64
		Release|x86 = Release|x86
	EndGlobalSection
	GlobalSection(ProjectConfigurationPlatforms) = postSolution
		{1E329D54-3900-4B7A-9F82-5E568CB00F25}.Debug|x64.ActiveCfg = Debug|x64
		{1E329D54-3900-4B7A-9F82-5E568CB00F25}.Debug|x64.Build.0 = Debug|x64
		{1E329D54-3900-4B7A-9F82-5E568CB00F25}.Debug|x86.ActiveCfg = Debug|Win32
		{1E329D54-3900-4B7A-9F82-5E568CB00F25}.Debug|x86.Build.0 = Debug|Win32
		{1E329D54-3900-4B7A-9F82-5E568CB00F25}.Release|x64.ActiveCfg = Release|x64
		{1E329D54-3900-4B7A-9F82-5E568CB00F25}.Release|x64.Build.0 = Release|x64
		{1E329D54-3900-4B7A-9F82-5E568CB00F25}.Release|x86.ActiveCfg = Release|Win32
		{1E329D54-3900-4B7A-9F82-5E568CB00F25}.Release|x86.Build.0 = Release|Win32
		{140E94A7-7C08-4E0D-92C5-144EA6DCB2FF}.Debug|x64.ActiveCfg = Debug|x64
		{140E94A7-7C08-4E0D-92C5-144EA6DCB2FF}.Debug|x64.Build.0 = Debug|x64
		{140E94A7-7C08-4E0D-92C5-144EA6DCB2FF}.Debug|x86.ActiveCfg = Debug|Win32
		{140E94A7-7C08-4E0D-92C5-144EA6DCB2FF}.Debug|x86.Build.0 = Debug|Win32
		{140E94A7-7C08-4E0D-92C5-144EA6DCB2FF}.Release|x64.ActiveCfg = Release|x64
		{140E94A7-7C08-4E0D-92C5-144EA6DCB2FF}.Release|x64.Build.0 = Release|x64
		{140E94A7-7C08-4E0D-92C5-144EA6DCB2FF}.Release|x86.ActiveCfg = Release|Win32
		{140E94A7-7C08-4E0D-92C5-144EA6DCB2FF}.Release|x86.Build.0 = Release|Win32
	EndGlobalSection
	GlobalSection(SolutionProperties) = preSolution
		HideSolutionNode = FALSE
	EndGlobalSection
	GlobalSection(ExtensibilityGlobals) = postSolution
		SolutionGuid = {F474DD97-DABB-46D6-97B1-FC542C9F1D31}
	EndGlobalSection
EndGlobal
